// !$*UTF8*$!
{
	archiveVersion = 1;
	classes = {
	};
	objectVersion = 50;
	objects = {

/* Begin PBXBuildFile section */
		C11118DD2145376100FCC9E7 /* ch_02.cpp in Sources */ = {isa = PBXBuildFile; fileRef = C11118DB2145376100FCC9E7 /* ch_02.cpp */; };
		C113816321AA90AB0034EA02 /* main.cpp in Sources */ = {isa = PBXBuildFile; fileRef = C113816221AA90AB0034EA02 /* main.cpp */; };
		C113816621AA90B90034EA02 /* ch_13.cpp in Sources */ = {isa = PBXBuildFile; fileRef = C113816421AA90B90034EA02 /* ch_13.cpp */; };
		C113816921AAC8D30034EA02 /* FileError.cpp in Sources */ = {isa = PBXBuildFile; fileRef = C113816721AAC8D30034EA02 /* FileError.cpp */; };
		C113816D21AADDBD0034EA02 /* GameBoard.cpp in Sources */ = {isa = PBXBuildFile; fileRef = C113816B21AADDBD0034EA02 /* GameBoard.cpp */; };
		C11DDDEC218F40850042DC80 /* main.cpp in Sources */ = {isa = PBXBuildFile; fileRef = C11DDDEB218F40850042DC80 /* main.cpp */; };
		C11DDDEF218F40A60042DC80 /* ch_12.cpp in Sources */ = {isa = PBXBuildFile; fileRef = C11DDDED218F40A60042DC80 /* ch_12.cpp */; };
		C122F735214E507D002D772C /* SpreadsheetCell.cpp in Sources */ = {isa = PBXBuildFile; fileRef = C122F733214E507D002D772C /* SpreadsheetCell.cpp */; };
		C122F738214E56C4002D772C /* ch_07.cpp in Sources */ = {isa = PBXBuildFile; fileRef = C122F736214E56C4002D772C /* ch_07.cpp */; };
		C15D522A219023F200F5312E /* Muffin.cpp in Sources */ = {isa = PBXBuildFile; fileRef = C15D5228219023F200F5312E /* Muffin.cpp */; };
		C16DB2ED217C68FA000E0430 /* ch_10.cpp in Sources */ = {isa = PBXBuildFile; fileRef = C16DB2DB217C6861000E0430 /* ch_10.cpp */; };
		C16DB2EE217C6902000E0430 /* main.cpp in Sources */ = {isa = PBXBuildFile; fileRef = C16DB2DE217C688D000E0430 /* main.cpp */; };
		C16DB2F0217C9EFF000E0430 /* anotherFile.cpp in Sources */ = {isa = PBXBuildFile; fileRef = C16DB2EF217C9EFF000E0430 /* anotherFile.cpp */; };
		C16DB2F5217C9FFD000E0430 /* SpreadsheetCell.cpp in Sources */ = {isa = PBXBuildFile; fileRef = C16DB2F1217C9FFD000E0430 /* SpreadsheetCell.cpp */; };
		C16DB2F6217C9FFD000E0430 /* Spreadsheet.cpp in Sources */ = {isa = PBXBuildFile; fileRef = C16DB2F4217C9FFD000E0430 /* Spreadsheet.cpp */; };
		C176A988213BF76C00F1BD5B /* main.cpp in Sources */ = {isa = PBXBuildFile; fileRef = C176A987213BF76C00F1BD5B /* main.cpp */; };
		C176A990213C103A00F1BD5B /* ch_01.cpp in Sources */ = {isa = PBXBuildFile; fileRef = C176A98E213C103A00F1BD5B /* ch_01.cpp */; };
		C18030A721B43F97008DB38F /* main.cpp in Sources */ = {isa = PBXBuildFile; fileRef = C18030A621B43F97008DB38F /* main.cpp */; };
		C18030AA21B43FE1008DB38F /* ch_14.cpp in Sources */ = {isa = PBXBuildFile; fileRef = C18030A821B43FE1008DB38F /* ch_14.cpp */; };
		C1ACF99521DBBD3600B1595D /* PacketBuffer.cpp in Sources */ = {isa = PBXBuildFile; fileRef = C1ACF99321DBBD3600B1595D /* PacketBuffer.cpp */; };
		C1ACF99821DBC82A00B1595D /* ErrorCorrelator.cpp in Sources */ = {isa = PBXBuildFile; fileRef = C1ACF99621DBC82A00B1595D /* ErrorCorrelator.cpp */; };
		C1ACF99B21DBCC6100B1595D /* MyClass.cpp in Sources */ = {isa = PBXBuildFile; fileRef = C1ACF99921DBCC6100B1595D /* MyClass.cpp */; };
		C1B2824821EC872E0045C266 /* main.cpp in Sources */ = {isa = PBXBuildFile; fileRef = C1B2824721EC872E0045C266 /* main.cpp */; };
		C1B2824B21EC874C0045C266 /* ch_20.cpp in Sources */ = {isa = PBXBuildFile; fileRef = C1B2824921EC874C0045C266 /* ch_20.cpp */; };
		C1C470CD21E3926C0086DDD8 /* ch_17.cpp in Sources */ = {isa = PBXBuildFile; fileRef = C1C470CB21E3926C0086DDD8 /* ch_17.cpp */; };
		C1C470CF21E392790086DDD8 /* main.cpp in Sources */ = {isa = PBXBuildFile; fileRef = C1C470CE21E392790086DDD8 /* main.cpp */; };
		C1CDFFF321BD4D260094AB7D /* main.cpp in Sources */ = {isa = PBXBuildFile; fileRef = C1CDFFF221BD4D260094AB7D /* main.cpp */; };
		C1CDFFF621BD4D3F0094AB7D /* ch_16.cpp in Sources */ = {isa = PBXBuildFile; fileRef = C1CDFFF421BD4D3F0094AB7D /* ch_16.cpp */; };
		C1E010A621858FF50095567F /* main.cpp in Sources */ = {isa = PBXBuildFile; fileRef = C1E010A521858FF50095567F /* main.cpp */; };
		C1E010A9218590230095567F /* ch_11.cpp in Sources */ = {isa = PBXBuildFile; fileRef = C1E010A7218590230095567F /* ch_11.cpp */; };
		C1E010AD218596BC0095567F /* SpreadsheetCell.cpp in Sources */ = {isa = PBXBuildFile; fileRef = C1E010AB218596BC0095567F /* SpreadsheetCell.cpp */; };
		C1F4E5382160F2EF00735AD6 /* ch_08.cpp in Sources */ = {isa = PBXBuildFile; fileRef = C1F4E5332160F1F700735AD6 /* ch_08.cpp */; };
		C1F4E5472160F35800735AD6 /* main.cpp in Sources */ = {isa = PBXBuildFile; fileRef = C1F4E5452160F35500735AD6 /* main.cpp */; };
		C1F4E54E2160F51200735AD6 /* Spreadsheet.cpp in Sources */ = {isa = PBXBuildFile; fileRef = C1F4E54B2160F3CE00735AD6 /* Spreadsheet.cpp */; };
		C1F4E54F2160F51600735AD6 /* SpreadsheetCell.cpp in Sources */ = {isa = PBXBuildFile; fileRef = C1F4E5482160F3C000735AD6 /* SpreadsheetCell.cpp */; };
		C1F4E55221610E9200735AD6 /* SpreadsheetApplication.cpp in Sources */ = {isa = PBXBuildFile; fileRef = C1F4E55021610E9200735AD6 /* SpreadsheetApplication.cpp */; };
/* End PBXBuildFile section */

/* Begin PBXCopyFilesBuildPhase section */
		C113815D21AA90520034EA02 /* CopyFiles */ = {
			isa = PBXCopyFilesBuildPhase;
			buildActionMask = 2147483647;
			dstPath = /usr/share/man/man1/;
			dstSubfolderSpec = 0;
			files = (
			);
			runOnlyForDeploymentPostprocessing = 1;
		};
		C11DDDE5218F40310042DC80 /* CopyFiles */ = {
			isa = PBXCopyFilesBuildPhase;
			buildActionMask = 2147483647;
			dstPath = /usr/share/man/man1/;
			dstSubfolderSpec = 0;
			files = (
			);
			runOnlyForDeploymentPostprocessing = 1;
		};
		C16DB2E8217C68F0000E0430 /* CopyFiles */ = {
			isa = PBXCopyFilesBuildPhase;
			buildActionMask = 2147483647;
			dstPath = /usr/share/man/man1/;
			dstSubfolderSpec = 0;
			files = (
			);
			runOnlyForDeploymentPostprocessing = 1;
		};
		C176A982213BF76C00F1BD5B /* CopyFiles */ = {
			isa = PBXCopyFilesBuildPhase;
			buildActionMask = 2147483647;
			dstPath = /usr/share/man/man1/;
			dstSubfolderSpec = 0;
			files = (
			);
			runOnlyForDeploymentPostprocessing = 1;
		};
		C18030A021B43F74008DB38F /* CopyFiles */ = {
			isa = PBXCopyFilesBuildPhase;
			buildActionMask = 2147483647;
			dstPath = /usr/share/man/man1/;
			dstSubfolderSpec = 0;
			files = (
			);
			runOnlyForDeploymentPostprocessing = 1;
		};
		C1B2824121EC87010045C266 /* CopyFiles */ = {
			isa = PBXCopyFilesBuildPhase;
			buildActionMask = 2147483647;
			dstPath = /usr/share/man/man1/;
			dstSubfolderSpec = 0;
			files = (
			);
			runOnlyForDeploymentPostprocessing = 1;
		};
		C1C470C621E392440086DDD8 /* CopyFiles */ = {
			isa = PBXCopyFilesBuildPhase;
			buildActionMask = 2147483647;
			dstPath = /usr/share/man/man1/;
			dstSubfolderSpec = 0;
			files = (
			);
			runOnlyForDeploymentPostprocessing = 1;
		};
		C1CDFFEB21BD4CCF0094AB7D /* CopyFiles */ = {
			isa = PBXCopyFilesBuildPhase;
			buildActionMask = 2147483647;
			dstPath = /usr/share/man/man1/;
			dstSubfolderSpec = 0;
			files = (
			);
			runOnlyForDeploymentPostprocessing = 1;
		};
		C1E010A021858FAD0095567F /* CopyFiles */ = {
			isa = PBXCopyFilesBuildPhase;
			buildActionMask = 2147483647;
			dstPath = /usr/share/man/man1/;
			dstSubfolderSpec = 0;
			files = (
			);
			runOnlyForDeploymentPostprocessing = 1;
		};
		C1F4E53F2160F2EF00735AD6 /* CopyFiles */ = {
			isa = PBXCopyFilesBuildPhase;
			buildActionMask = 2147483647;
			dstPath = /usr/share/man/man1/;
			dstSubfolderSpec = 0;
			files = (
			);
			runOnlyForDeploymentPostprocessing = 1;
		};
/* End PBXCopyFilesBuildPhase section */

/* Begin PBXFileReference section */
		C11118DB2145376100FCC9E7 /* ch_02.cpp */ = {isa = PBXFileReference; lastKnownFileType = sourcecode.cpp.cpp; path = ch_02.cpp; sourceTree = "<group>"; };
		C11118DC2145376100FCC9E7 /* ch_02.hpp */ = {isa = PBXFileReference; lastKnownFileType = sourcecode.cpp.h; path = ch_02.hpp; sourceTree = "<group>"; };
		C113816121AA90520034EA02 /* ch_13 */ = {isa = PBXFileReference; explicitFileType = "compiled.mach-o.executable"; includeInIndex = 0; path = ch_13; sourceTree = BUILT_PRODUCTS_DIR; };
		C113816221AA90AB0034EA02 /* main.cpp */ = {isa = PBXFileReference; lastKnownFileType = sourcecode.cpp.cpp; path = main.cpp; sourceTree = "<group>"; };
		C113816421AA90B90034EA02 /* ch_13.cpp */ = {isa = PBXFileReference; lastKnownFileType = sourcecode.cpp.cpp; path = ch_13.cpp; sourceTree = "<group>"; };
		C113816521AA90B90034EA02 /* ch_13.hpp */ = {isa = PBXFileReference; lastKnownFileType = sourcecode.cpp.h; path = ch_13.hpp; sourceTree = "<group>"; };
		C113816721AAC8D30034EA02 /* FileError.cpp */ = {isa = PBXFileReference; lastKnownFileType = sourcecode.cpp.cpp; path = FileError.cpp; sourceTree = "<group>"; };
		C113816821AAC8D30034EA02 /* FileError.hpp */ = {isa = PBXFileReference; lastKnownFileType = sourcecode.cpp.h; path = FileError.hpp; sourceTree = "<group>"; };
		C113816A21AADC890034EA02 /* myClass.h */ = {isa = PBXFileReference; lastKnownFileType = sourcecode.c.h; path = myClass.h; sourceTree = "<group>"; };
		C113816B21AADDBD0034EA02 /* GameBoard.cpp */ = {isa = PBXFileReference; lastKnownFileType = sourcecode.cpp.cpp; path = GameBoard.cpp; sourceTree = "<group>"; };
		C113816C21AADDBD0034EA02 /* GameBoard.hpp */ = {isa = PBXFileReference; lastKnownFileType = sourcecode.cpp.h; path = GameBoard.hpp; sourceTree = "<group>"; };
		C11DDDE9218F40310042DC80 /* ch_12 */ = {isa = PBXFileReference; explicitFileType = "compiled.mach-o.executable"; includeInIndex = 0; path = ch_12; sourceTree = BUILT_PRODUCTS_DIR; };
		C11DDDEB218F40850042DC80 /* main.cpp */ = {isa = PBXFileReference; lastKnownFileType = sourcecode.cpp.cpp; path = main.cpp; sourceTree = "<group>"; };
		C11DDDED218F40A60042DC80 /* ch_12.cpp */ = {isa = PBXFileReference; lastKnownFileType = sourcecode.cpp.cpp; path = ch_12.cpp; sourceTree = "<group>"; };
		C11DDDEE218F40A60042DC80 /* ch_12.hpp */ = {isa = PBXFileReference; lastKnownFileType = sourcecode.cpp.h; path = ch_12.hpp; sourceTree = "<group>"; };
		C122F733214E507D002D772C /* SpreadsheetCell.cpp */ = {isa = PBXFileReference; lastKnownFileType = sourcecode.cpp.cpp; path = SpreadsheetCell.cpp; sourceTree = "<group>"; };
		C122F734214E507D002D772C /* SpreadsheetCell.hpp */ = {isa = PBXFileReference; lastKnownFileType = sourcecode.cpp.h; path = SpreadsheetCell.hpp; sourceTree = "<group>"; };
		C122F736214E56C4002D772C /* ch_07.cpp */ = {isa = PBXFileReference; lastKnownFileType = sourcecode.cpp.cpp; path = ch_07.cpp; sourceTree = "<group>"; };
		C122F737214E56C4002D772C /* ch_07.hpp */ = {isa = PBXFileReference; lastKnownFileType = sourcecode.cpp.h; path = ch_07.hpp; sourceTree = "<group>"; };
		C15D5228219023F200F5312E /* Muffin.cpp */ = {isa = PBXFileReference; lastKnownFileType = sourcecode.cpp.cpp; path = Muffin.cpp; sourceTree = "<group>"; };
		C15D5229219023F200F5312E /* Muffin.hpp */ = {isa = PBXFileReference; lastKnownFileType = sourcecode.cpp.h; path = Muffin.hpp; sourceTree = "<group>"; };
		C16DB2DB217C6861000E0430 /* ch_10.cpp */ = {isa = PBXFileReference; lastKnownFileType = sourcecode.cpp.cpp; path = ch_10.cpp; sourceTree = "<group>"; };
		C16DB2DC217C6861000E0430 /* ch_10.hpp */ = {isa = PBXFileReference; lastKnownFileType = sourcecode.cpp.h; path = ch_10.hpp; sourceTree = "<group>"; };
		C16DB2DE217C688D000E0430 /* main.cpp */ = {isa = PBXFileReference; lastKnownFileType = sourcecode.cpp.cpp; path = main.cpp; sourceTree = "<group>"; };
		C16DB2EC217C68F0000E0430 /* ch_10 */ = {isa = PBXFileReference; explicitFileType = "compiled.mach-o.executable"; includeInIndex = 0; path = ch_10; sourceTree = BUILT_PRODUCTS_DIR; };
		C16DB2EF217C9EFF000E0430 /* anotherFile.cpp */ = {isa = PBXFileReference; lastKnownFileType = sourcecode.cpp.cpp; path = anotherFile.cpp; sourceTree = "<group>"; };
		C16DB2F1217C9FFD000E0430 /* SpreadsheetCell.cpp */ = {isa = PBXFileReference; fileEncoding = 4; lastKnownFileType = sourcecode.cpp.cpp; path = SpreadsheetCell.cpp; sourceTree = "<group>"; };
		C16DB2F2217C9FFD000E0430 /* SpreadsheetCell.h */ = {isa = PBXFileReference; fileEncoding = 4; lastKnownFileType = sourcecode.c.h; path = SpreadsheetCell.h; sourceTree = "<group>"; };
		C16DB2F3217C9FFD000E0430 /* Spreadsheet.h */ = {isa = PBXFileReference; fileEncoding = 4; lastKnownFileType = sourcecode.c.h; path = Spreadsheet.h; sourceTree = "<group>"; };
		C16DB2F4217C9FFD000E0430 /* Spreadsheet.cpp */ = {isa = PBXFileReference; fileEncoding = 4; lastKnownFileType = sourcecode.cpp.cpp; path = Spreadsheet.cpp; sourceTree = "<group>"; };
		C176A984213BF76C00F1BD5B /* cpp_study */ = {isa = PBXFileReference; explicitFileType = "compiled.mach-o.executable"; includeInIndex = 0; path = cpp_study; sourceTree = BUILT_PRODUCTS_DIR; };
		C176A987213BF76C00F1BD5B /* main.cpp */ = {isa = PBXFileReference; lastKnownFileType = sourcecode.cpp.cpp; path = main.cpp; sourceTree = "<group>"; };
		C176A98E213C103A00F1BD5B /* ch_01.cpp */ = {isa = PBXFileReference; lastKnownFileType = sourcecode.cpp.cpp; path = ch_01.cpp; sourceTree = "<group>"; };
		C176A98F213C103A00F1BD5B /* ch_01.hpp */ = {isa = PBXFileReference; lastKnownFileType = sourcecode.cpp.h; path = ch_01.hpp; sourceTree = "<group>"; };
		C176A991213C10CE00F1BD5B /* cpp_pch.pch */ = {isa = PBXFileReference; lastKnownFileType = sourcecode.c.h; path = cpp_pch.pch; sourceTree = "<group>"; };
		C18030A421B43F74008DB38F /* ch_14 */ = {isa = PBXFileReference; explicitFileType = "compiled.mach-o.executable"; includeInIndex = 0; path = ch_14; sourceTree = BUILT_PRODUCTS_DIR; };
		C18030A621B43F97008DB38F /* main.cpp */ = {isa = PBXFileReference; lastKnownFileType = sourcecode.cpp.cpp; path = main.cpp; sourceTree = "<group>"; };
		C18030A821B43FE1008DB38F /* ch_14.cpp */ = {isa = PBXFileReference; lastKnownFileType = sourcecode.cpp.cpp; path = ch_14.cpp; sourceTree = "<group>"; };
		C18030A921B43FE1008DB38F /* ch_14.hpp */ = {isa = PBXFileReference; lastKnownFileType = sourcecode.cpp.h; path = ch_14.hpp; sourceTree = "<group>"; };
		C1ACF99321DBBD3600B1595D /* PacketBuffer.cpp */ = {isa = PBXFileReference; lastKnownFileType = sourcecode.cpp.cpp; path = PacketBuffer.cpp; sourceTree = "<group>"; };
		C1ACF99421DBBD3600B1595D /* PacketBuffer.hpp */ = {isa = PBXFileReference; lastKnownFileType = sourcecode.cpp.h; path = PacketBuffer.hpp; sourceTree = "<group>"; };
		C1ACF99621DBC82A00B1595D /* ErrorCorrelator.cpp */ = {isa = PBXFileReference; lastKnownFileType = sourcecode.cpp.cpp; path = ErrorCorrelator.cpp; sourceTree = "<group>"; };
		C1ACF99721DBC82A00B1595D /* ErrorCorrelator.hpp */ = {isa = PBXFileReference; lastKnownFileType = sourcecode.cpp.h; path = ErrorCorrelator.hpp; sourceTree = "<group>"; };
		C1ACF99921DBCC6100B1595D /* MyClass.cpp */ = {isa = PBXFileReference; lastKnownFileType = sourcecode.cpp.cpp; path = MyClass.cpp; sourceTree = "<group>"; };
		C1ACF99A21DBCC6100B1595D /* MyClass.hpp */ = {isa = PBXFileReference; lastKnownFileType = sourcecode.cpp.h; path = MyClass.hpp; sourceTree = "<group>"; };
		C1B2824521EC87010045C266 /* ch_20 */ = {isa = PBXFileReference; explicitFileType = "compiled.mach-o.executable"; includeInIndex = 0; path = ch_20; sourceTree = BUILT_PRODUCTS_DIR; };
		C1B2824721EC872E0045C266 /* main.cpp */ = {isa = PBXFileReference; lastKnownFileType = sourcecode.cpp.cpp; path = main.cpp; sourceTree = "<group>"; };
		C1B2824921EC874C0045C266 /* ch_20.cpp */ = {isa = PBXFileReference; lastKnownFileType = sourcecode.cpp.cpp; path = ch_20.cpp; sourceTree = "<group>"; };
		C1B2824A21EC874C0045C266 /* ch_20.hpp */ = {isa = PBXFileReference; lastKnownFileType = sourcecode.cpp.h; path = ch_20.hpp; sourceTree = "<group>"; };
		C1B2824C21ECB7EA0045C266 /* hash_map_01.h */ = {isa = PBXFileReference; lastKnownFileType = sourcecode.c.h; path = hash_map_01.h; sourceTree = "<group>"; };
		C1B2824D21ECB84E0045C266 /* hash_map_01.inl */ = {isa = PBXFileReference; fileEncoding = 4; lastKnownFileType = text; path = hash_map_01.inl; sourceTree = "<group>"; };
		C1B2824E21ECB8C60045C266 /* hash_map_02.h */ = {isa = PBXFileReference; lastKnownFileType = sourcecode.c.h; path = hash_map_02.h; sourceTree = "<group>"; };
		C1B2824F21ECB9980045C266 /* hash_map_02.inl */ = {isa = PBXFileReference; fileEncoding = 4; lastKnownFileType = text; path = hash_map_02.inl; sourceTree = "<group>"; };
		C1C470CA21E392440086DDD8 /* ch_17 */ = {isa = PBXFileReference; explicitFileType = "compiled.mach-o.executable"; includeInIndex = 0; path = ch_17; sourceTree = BUILT_PRODUCTS_DIR; };
		C1C470CB21E3926C0086DDD8 /* ch_17.cpp */ = {isa = PBXFileReference; lastKnownFileType = sourcecode.cpp.cpp; path = ch_17.cpp; sourceTree = "<group>"; };
		C1C470CC21E3926C0086DDD8 /* ch_17.hpp */ = {isa = PBXFileReference; lastKnownFileType = sourcecode.cpp.h; path = ch_17.hpp; sourceTree = "<group>"; };
		C1C470CE21E392790086DDD8 /* main.cpp */ = {isa = PBXFileReference; lastKnownFileType = sourcecode.cpp.cpp; path = main.cpp; sourceTree = "<group>"; };
		C1CDFFEF21BD4CCF0094AB7D /* ch_16 */ = {isa = PBXFileReference; explicitFileType = "compiled.mach-o.executable"; includeInIndex = 0; path = ch_16; sourceTree = BUILT_PRODUCTS_DIR; };
		C1CDFFF221BD4D260094AB7D /* main.cpp */ = {isa = PBXFileReference; lastKnownFileType = sourcecode.cpp.cpp; path = main.cpp; sourceTree = "<group>"; };
		C1CDFFF421BD4D3F0094AB7D /* ch_16.cpp */ = {isa = PBXFileReference; lastKnownFileType = sourcecode.cpp.cpp; path = ch_16.cpp; sourceTree = "<group>"; };
		C1CDFFF521BD4D3F0094AB7D /* ch_16.hpp */ = {isa = PBXFileReference; lastKnownFileType = sourcecode.cpp.h; path = ch_16.hpp; sourceTree = "<group>"; };
		C1E010A421858FAD0095567F /* ch_11 */ = {isa = PBXFileReference; explicitFileType = "compiled.mach-o.executable"; includeInIndex = 0; path = ch_11; sourceTree = BUILT_PRODUCTS_DIR; };
		C1E010A521858FF50095567F /* main.cpp */ = {isa = PBXFileReference; lastKnownFileType = sourcecode.cpp.cpp; path = main.cpp; sourceTree = "<group>"; };
		C1E010A7218590230095567F /* ch_11.cpp */ = {isa = PBXFileReference; lastKnownFileType = sourcecode.cpp.cpp; path = ch_11.cpp; sourceTree = "<group>"; };
		C1E010A8218590230095567F /* ch_11.hpp */ = {isa = PBXFileReference; lastKnownFileType = sourcecode.cpp.h; path = ch_11.hpp; sourceTree = "<group>"; };
		C1E010AA218596BC0095567F /* Grid.h */ = {isa = PBXFileReference; fileEncoding = 4; lastKnownFileType = sourcecode.c.h; path = Grid.h; sourceTree = "<group>"; };
		C1E010AB218596BC0095567F /* SpreadsheetCell.cpp */ = {isa = PBXFileReference; fileEncoding = 4; lastKnownFileType = sourcecode.cpp.cpp; path = SpreadsheetCell.cpp; sourceTree = "<group>"; };
		C1E010AC218596BC0095567F /* SpreadsheetCell.h */ = {isa = PBXFileReference; fileEncoding = 4; lastKnownFileType = sourcecode.c.h; path = SpreadsheetCell.h; sourceTree = "<group>"; };
		C1E010AE21859D770095567F /* GridDefinitions.h */ = {isa = PBXFileReference; lastKnownFileType = sourcecode.c.h; path = GridDefinitions.h; sourceTree = "<group>"; };
		C1E010AF21859DEB0095567F /* Grid.cpp */ = {isa = PBXFileReference; lastKnownFileType = sourcecode.cpp.cpp; path = Grid.cpp; sourceTree = "<group>"; };
		C1E010B02185C39F0095567F /* GridString.h */ = {isa = PBXFileReference; lastKnownFileType = sourcecode.c.h; path = GridString.h; sourceTree = "<group>"; };
		C1F4E5332160F1F700735AD6 /* ch_08.cpp */ = {isa = PBXFileReference; lastKnownFileType = sourcecode.cpp.cpp; path = ch_08.cpp; sourceTree = "<group>"; };
		C1F4E5342160F1F700735AD6 /* ch_08.hpp */ = {isa = PBXFileReference; lastKnownFileType = sourcecode.cpp.h; path = ch_08.hpp; sourceTree = "<group>"; };
		C1F4E5432160F2EF00735AD6 /* ch_08 */ = {isa = PBXFileReference; explicitFileType = "compiled.mach-o.executable"; includeInIndex = 0; path = ch_08; sourceTree = BUILT_PRODUCTS_DIR; };
		C1F4E5452160F35500735AD6 /* main.cpp */ = {isa = PBXFileReference; lastKnownFileType = sourcecode.cpp.cpp; path = main.cpp; sourceTree = "<group>"; };
		C1F4E5482160F3C000735AD6 /* SpreadsheetCell.cpp */ = {isa = PBXFileReference; lastKnownFileType = sourcecode.cpp.cpp; path = SpreadsheetCell.cpp; sourceTree = "<group>"; };
		C1F4E5492160F3C000735AD6 /* SpreadsheetCell.hpp */ = {isa = PBXFileReference; lastKnownFileType = sourcecode.cpp.h; path = SpreadsheetCell.hpp; sourceTree = "<group>"; };
		C1F4E54B2160F3CE00735AD6 /* Spreadsheet.cpp */ = {isa = PBXFileReference; lastKnownFileType = sourcecode.cpp.cpp; path = Spreadsheet.cpp; sourceTree = "<group>"; };
		C1F4E54C2160F3CE00735AD6 /* Spreadsheet.hpp */ = {isa = PBXFileReference; lastKnownFileType = sourcecode.cpp.h; path = Spreadsheet.hpp; sourceTree = "<group>"; };
		C1F4E55021610E9200735AD6 /* SpreadsheetApplication.cpp */ = {isa = PBXFileReference; lastKnownFileType = sourcecode.cpp.cpp; path = SpreadsheetApplication.cpp; sourceTree = "<group>"; };
		C1F4E55121610E9200735AD6 /* SpreadsheetApplication.hpp */ = {isa = PBXFileReference; lastKnownFileType = sourcecode.cpp.h; path = SpreadsheetApplication.hpp; sourceTree = "<group>"; };
/* End PBXFileReference section */

/* Begin PBXFrameworksBuildPhase section */
		C113815C21AA90520034EA02 /* Frameworks */ = {
			isa = PBXFrameworksBuildPhase;
			buildActionMask = 2147483647;
			files = (
			);
			runOnlyForDeploymentPostprocessing = 0;
		};
		C11DDDE4218F40310042DC80 /* Frameworks */ = {
			isa = PBXFrameworksBuildPhase;
			buildActionMask = 2147483647;
			files = (
			);
			runOnlyForDeploymentPostprocessing = 0;
		};
		C16DB2E7217C68F0000E0430 /* Frameworks */ = {
			isa = PBXFrameworksBuildPhase;
			buildActionMask = 2147483647;
			files = (
			);
			runOnlyForDeploymentPostprocessing = 0;
		};
		C176A981213BF76C00F1BD5B /* Frameworks */ = {
			isa = PBXFrameworksBuildPhase;
			buildActionMask = 2147483647;
			files = (
			);
			runOnlyForDeploymentPostprocessing = 0;
		};
		C180309F21B43F74008DB38F /* Frameworks */ = {
			isa = PBXFrameworksBuildPhase;
			buildActionMask = 2147483647;
			files = (
			);
			runOnlyForDeploymentPostprocessing = 0;
		};
		C1B2824021EC87010045C266 /* Frameworks */ = {
			isa = PBXFrameworksBuildPhase;
			buildActionMask = 2147483647;
			files = (
			);
			runOnlyForDeploymentPostprocessing = 0;
		};
		C1C470C521E392440086DDD8 /* Frameworks */ = {
			isa = PBXFrameworksBuildPhase;
			buildActionMask = 2147483647;
			files = (
			);
			runOnlyForDeploymentPostprocessing = 0;
		};
		C1CDFFEA21BD4CCF0094AB7D /* Frameworks */ = {
			isa = PBXFrameworksBuildPhase;
			buildActionMask = 2147483647;
			files = (
			);
			runOnlyForDeploymentPostprocessing = 0;
		};
		C1E0109F21858FAD0095567F /* Frameworks */ = {
			isa = PBXFrameworksBuildPhase;
			buildActionMask = 2147483647;
			files = (
			);
			runOnlyForDeploymentPostprocessing = 0;
		};
		C1F4E53E2160F2EF00735AD6 /* Frameworks */ = {
			isa = PBXFrameworksBuildPhase;
			buildActionMask = 2147483647;
			files = (
			);
			runOnlyForDeploymentPostprocessing = 0;
		};
/* End PBXFrameworksBuildPhase section */

/* Begin PBXGroup section */
		C11118DA2145374100FCC9E7 /* chapter */ = {
			isa = PBXGroup;
			children = (
				C1B2824621EC871C0045C266 /* ch_20 */,
				C1C470BD21E3921D0086DDD8 /* ch_17 */,
				C1CDFFF121BD4D090094AB7D /* ch_16 */,
				C18030A521B43F87008DB38F /* ch_14 */,
				C113815621AA90450034EA02 /* ch_13 */,
				C11DDDEA218F40650042DC80 /* ch_12 */,
				C1E0109821858F4B0095567F /* ch_11 */,
				C16DB2DA217C6834000E0430 /* ch_10 */,
				C1F4E5442160F33100735AD6 /* ch_08 */,
				C122F732214E504B002D772C /* ch_07 */,
				C176A98E213C103A00F1BD5B /* ch_01.cpp */,
				C176A98F213C103A00F1BD5B /* ch_01.hpp */,
				C11118DB2145376100FCC9E7 /* ch_02.cpp */,
				C11118DC2145376100FCC9E7 /* ch_02.hpp */,
				C122F736214E56C4002D772C /* ch_07.cpp */,
				C122F737214E56C4002D772C /* ch_07.hpp */,
			);
			path = chapter;
			sourceTree = "<group>";
		};
		C113815621AA90450034EA02 /* ch_13 */ = {
			isa = PBXGroup;
			children = (
				C113816221AA90AB0034EA02 /* main.cpp */,
				C113816421AA90B90034EA02 /* ch_13.cpp */,
				C113816521AA90B90034EA02 /* ch_13.hpp */,
				C113816721AAC8D30034EA02 /* FileError.cpp */,
				C113816821AAC8D30034EA02 /* FileError.hpp */,
				C113816A21AADC890034EA02 /* myClass.h */,
				C113816B21AADDBD0034EA02 /* GameBoard.cpp */,
				C113816C21AADDBD0034EA02 /* GameBoard.hpp */,
			);
			path = ch_13;
			sourceTree = "<group>";
		};
		C11DDDEA218F40650042DC80 /* ch_12 */ = {
			isa = PBXGroup;
			children = (
				C11DDDEB218F40850042DC80 /* main.cpp */,
				C11DDDED218F40A60042DC80 /* ch_12.cpp */,
				C11DDDEE218F40A60042DC80 /* ch_12.hpp */,
				C15D5228219023F200F5312E /* Muffin.cpp */,
				C15D5229219023F200F5312E /* Muffin.hpp */,
			);
			path = ch_12;
			sourceTree = "<group>";
		};
		C122F732214E504B002D772C /* ch_07 */ = {
			isa = PBXGroup;
			children = (
				C122F733214E507D002D772C /* SpreadsheetCell.cpp */,
				C122F734214E507D002D772C /* SpreadsheetCell.hpp */,
			);
			path = ch_07;
			sourceTree = "<group>";
		};
		C16DB2DA217C6834000E0430 /* ch_10 */ = {
			isa = PBXGroup;
			children = (
				C16DB2F4217C9FFD000E0430 /* Spreadsheet.cpp */,
				C16DB2F3217C9FFD000E0430 /* Spreadsheet.h */,
				C16DB2F1217C9FFD000E0430 /* SpreadsheetCell.cpp */,
				C16DB2F2217C9FFD000E0430 /* SpreadsheetCell.h */,
				C16DB2DB217C6861000E0430 /* ch_10.cpp */,
				C16DB2DC217C6861000E0430 /* ch_10.hpp */,
				C16DB2DE217C688D000E0430 /* main.cpp */,
				C16DB2EF217C9EFF000E0430 /* anotherFile.cpp */,
			);
			path = ch_10;
			sourceTree = "<group>";
		};
		C176A97B213BF76C00F1BD5B = {
			isa = PBXGroup;
			children = (
				C176A986213BF76C00F1BD5B /* cpp_study */,
				C176A985213BF76C00F1BD5B /* Products */,
			);
			sourceTree = "<group>";
		};
		C176A985213BF76C00F1BD5B /* Products */ = {
			isa = PBXGroup;
			children = (
				C176A984213BF76C00F1BD5B /* cpp_study */,
				C1F4E5432160F2EF00735AD6 /* ch_08 */,
				C16DB2EC217C68F0000E0430 /* ch_10 */,
				C1E010A421858FAD0095567F /* ch_11 */,
				C11DDDE9218F40310042DC80 /* ch_12 */,
				C113816121AA90520034EA02 /* ch_13 */,
				C18030A421B43F74008DB38F /* ch_14 */,
				C1CDFFEF21BD4CCF0094AB7D /* ch_16 */,
				C1C470CA21E392440086DDD8 /* ch_17 */,
				C1B2824521EC87010045C266 /* ch_20 */,
			);
			name = Products;
			sourceTree = "<group>";
		};
		C176A986213BF76C00F1BD5B /* cpp_study */ = {
			isa = PBXGroup;
			children = (
				C176A987213BF76C00F1BD5B /* main.cpp */,
				C176A991213C10CE00F1BD5B /* cpp_pch.pch */,
				C11118DA2145374100FCC9E7 /* chapter */,
			);
			path = cpp_study;
			sourceTree = "<group>";
		};
		C18030A521B43F87008DB38F /* ch_14 */ = {
			isa = PBXGroup;
			children = (
				C18030A621B43F97008DB38F /* main.cpp */,
				C18030A821B43FE1008DB38F /* ch_14.cpp */,
				C18030A921B43FE1008DB38F /* ch_14.hpp */,
			);
			path = ch_14;
			sourceTree = "<group>";
		};
		C1B2824621EC871C0045C266 /* ch_20 */ = {
			isa = PBXGroup;
			children = (
				C1B2824721EC872E0045C266 /* main.cpp */,
				C1B2824921EC874C0045C266 /* ch_20.cpp */,
				C1B2824A21EC874C0045C266 /* ch_20.hpp */,
				C1B2824C21ECB7EA0045C266 /* hash_map_01.h */,
				C1B2824D21ECB84E0045C266 /* hash_map_01.inl */,
				C1B2824E21ECB8C60045C266 /* hash_map_02.h */,
				C1B2824F21ECB9980045C266 /* hash_map_02.inl */,
			);
			path = ch_20;
			sourceTree = "<group>";
		};
		C1C470BD21E3921D0086DDD8 /* ch_17 */ = {
			isa = PBXGroup;
			children = (
				C1C470CB21E3926C0086DDD8 /* ch_17.cpp */,
				C1C470CC21E3926C0086DDD8 /* ch_17.hpp */,
				C1C470CE21E392790086DDD8 /* main.cpp */,
			);
			path = ch_17;
			sourceTree = "<group>";
		};
		C1CDFFF121BD4D090094AB7D /* ch_16 */ = {
			isa = PBXGroup;
			children = (
				C1CDFFF221BD4D260094AB7D /* main.cpp */,
				C1CDFFF421BD4D3F0094AB7D /* ch_16.cpp */,
				C1CDFFF521BD4D3F0094AB7D /* ch_16.hpp */,
				C1ACF99321DBBD3600B1595D /* PacketBuffer.cpp */,
				C1ACF99421DBBD3600B1595D /* PacketBuffer.hpp */,
				C1ACF99621DBC82A00B1595D /* ErrorCorrelator.cpp */,
				C1ACF99721DBC82A00B1595D /* ErrorCorrelator.hpp */,
				C1ACF99921DBCC6100B1595D /* MyClass.cpp */,
				C1ACF99A21DBCC6100B1595D /* MyClass.hpp */,
			);
			path = ch_16;
			sourceTree = "<group>";
		};
		C1E0109821858F4B0095567F /* ch_11 */ = {
			isa = PBXGroup;
			children = (
				C1E010A521858FF50095567F /* main.cpp */,
				C1E010A7218590230095567F /* ch_11.cpp */,
				C1E010A8218590230095567F /* ch_11.hpp */,
				C1E010AA218596BC0095567F /* Grid.h */,
				C1E010AF21859DEB0095567F /* Grid.cpp */,
				C1E010AE21859D770095567F /* GridDefinitions.h */,
				C1E010AB218596BC0095567F /* SpreadsheetCell.cpp */,
				C1E010AC218596BC0095567F /* SpreadsheetCell.h */,
				C1E010B02185C39F0095567F /* GridString.h */,
			);
			path = ch_11;
			sourceTree = "<group>";
		};
		C1F4E5442160F33100735AD6 /* ch_08 */ = {
			isa = PBXGroup;
			children = (
				C1F4E5452160F35500735AD6 /* main.cpp */,
				C1F4E5332160F1F700735AD6 /* ch_08.cpp */,
				C1F4E5342160F1F700735AD6 /* ch_08.hpp */,
				C1F4E5482160F3C000735AD6 /* SpreadsheetCell.cpp */,
				C1F4E5492160F3C000735AD6 /* SpreadsheetCell.hpp */,
				C1F4E54B2160F3CE00735AD6 /* Spreadsheet.cpp */,
				C1F4E54C2160F3CE00735AD6 /* Spreadsheet.hpp */,
				C1F4E55021610E9200735AD6 /* SpreadsheetApplication.cpp */,
				C1F4E55121610E9200735AD6 /* SpreadsheetApplication.hpp */,
			);
			path = ch_08;
			sourceTree = "<group>";
		};
/* End PBXGroup section */

/* Begin PBXNativeTarget section */
		C113815721AA90520034EA02 /* ch_13 */ = {
			isa = PBXNativeTarget;
			buildConfigurationList = C113815E21AA90520034EA02 /* Build configuration list for PBXNativeTarget "ch_13" */;
			buildPhases = (
				C113815821AA90520034EA02 /* Sources */,
				C113815C21AA90520034EA02 /* Frameworks */,
				C113815D21AA90520034EA02 /* CopyFiles */,
			);
			buildRules = (
			);
			dependencies = (
			);
			name = ch_13;
			productName = cpp_study;
			productReference = C113816121AA90520034EA02 /* ch_13 */;
			productType = "com.apple.product-type.tool";
		};
		C11DDDDF218F40310042DC80 /* ch_12 */ = {
			isa = PBXNativeTarget;
			buildConfigurationList = C11DDDE6218F40310042DC80 /* Build configuration list for PBXNativeTarget "ch_12" */;
			buildPhases = (
				C11DDDE0218F40310042DC80 /* Sources */,
				C11DDDE4218F40310042DC80 /* Frameworks */,
				C11DDDE5218F40310042DC80 /* CopyFiles */,
			);
			buildRules = (
			);
			dependencies = (
			);
			name = ch_12;
			productName = cpp_study;
			productReference = C11DDDE9218F40310042DC80 /* ch_12 */;
			productType = "com.apple.product-type.tool";
		};
		C16DB2E0217C68F0000E0430 /* ch_10 */ = {
			isa = PBXNativeTarget;
			buildConfigurationList = C16DB2E9217C68F0000E0430 /* Build configuration list for PBXNativeTarget "ch_10" */;
			buildPhases = (
				C16DB2E1217C68F0000E0430 /* Sources */,
				C16DB2E7217C68F0000E0430 /* Frameworks */,
				C16DB2E8217C68F0000E0430 /* CopyFiles */,
			);
			buildRules = (
			);
			dependencies = (
			);
			name = ch_10;
			productName = cpp_study;
			productReference = C16DB2EC217C68F0000E0430 /* ch_10 */;
			productType = "com.apple.product-type.tool";
		};
		C176A983213BF76C00F1BD5B /* cpp_study */ = {
			isa = PBXNativeTarget;
			buildConfigurationList = C176A98B213BF76C00F1BD5B /* Build configuration list for PBXNativeTarget "cpp_study" */;
			buildPhases = (
				C176A980213BF76C00F1BD5B /* Sources */,
				C176A981213BF76C00F1BD5B /* Frameworks */,
				C176A982213BF76C00F1BD5B /* CopyFiles */,
			);
			buildRules = (
			);
			dependencies = (
			);
			name = cpp_study;
			productName = cpp_study;
			productReference = C176A984213BF76C00F1BD5B /* cpp_study */;
			productType = "com.apple.product-type.tool";
		};
		C180309921B43F74008DB38F /* ch_14 */ = {
			isa = PBXNativeTarget;
			buildConfigurationList = C18030A121B43F74008DB38F /* Build configuration list for PBXNativeTarget "ch_14" */;
			buildPhases = (
				C180309A21B43F74008DB38F /* Sources */,
				C180309F21B43F74008DB38F /* Frameworks */,
				C18030A021B43F74008DB38F /* CopyFiles */,
			);
			buildRules = (
			);
			dependencies = (
			);
			name = ch_14;
			productName = cpp_study;
			productReference = C18030A421B43F74008DB38F /* ch_14 */;
			productType = "com.apple.product-type.tool";
		};
		C1B2823C21EC87010045C266 /* ch_20 */ = {
			isa = PBXNativeTarget;
			buildConfigurationList = C1B2824221EC87010045C266 /* Build configuration list for PBXNativeTarget "ch_20" */;
			buildPhases = (
				C1B2823D21EC87010045C266 /* Sources */,
				C1B2824021EC87010045C266 /* Frameworks */,
				C1B2824121EC87010045C266 /* CopyFiles */,
			);
			buildRules = (
			);
			dependencies = (
			);
			name = ch_20;
			productName = cpp_study;
			productReference = C1B2824521EC87010045C266 /* ch_20 */;
			productType = "com.apple.product-type.tool";
		};
		C1C470BE21E392440086DDD8 /* ch_17 */ = {
			isa = PBXNativeTarget;
			buildConfigurationList = C1C470C721E392440086DDD8 /* Build configuration list for PBXNativeTarget "ch_17" */;
			buildPhases = (
				C1C470BF21E392440086DDD8 /* Sources */,
				C1C470C521E392440086DDD8 /* Frameworks */,
				C1C470C621E392440086DDD8 /* CopyFiles */,
			);
			buildRules = (
			);
			dependencies = (
			);
			name = ch_17;
			productName = cpp_study;
			productReference = C1C470CA21E392440086DDD8 /* ch_17 */;
			productType = "com.apple.product-type.tool";
		};
		C1CDFFE621BD4CCF0094AB7D /* ch_16 */ = {
			isa = PBXNativeTarget;
			buildConfigurationList = C1CDFFEC21BD4CCF0094AB7D /* Build configuration list for PBXNativeTarget "ch_16" */;
			buildPhases = (
				C1CDFFE721BD4CCF0094AB7D /* Sources */,
				C1CDFFEA21BD4CCF0094AB7D /* Frameworks */,
				C1CDFFEB21BD4CCF0094AB7D /* CopyFiles */,
			);
			buildRules = (
			);
			dependencies = (
			);
			name = ch_16;
			productName = cpp_study;
			productReference = C1CDFFEF21BD4CCF0094AB7D /* ch_16 */;
			productType = "com.apple.product-type.tool";
		};
		C1E0109921858FAD0095567F /* ch_11 */ = {
			isa = PBXNativeTarget;
			buildConfigurationList = C1E010A121858FAD0095567F /* Build configuration list for PBXNativeTarget "ch_11" */;
			buildPhases = (
				C1E0109A21858FAD0095567F /* Sources */,
				C1E0109F21858FAD0095567F /* Frameworks */,
				C1E010A021858FAD0095567F /* CopyFiles */,
			);
			buildRules = (
			);
			dependencies = (
			);
			name = ch_11;
			productName = cpp_study;
			productReference = C1E010A421858FAD0095567F /* ch_11 */;
			productType = "com.apple.product-type.tool";
		};
		C1F4E5362160F2EF00735AD6 /* ch_08 */ = {
			isa = PBXNativeTarget;
			buildConfigurationList = C1F4E5402160F2EF00735AD6 /* Build configuration list for PBXNativeTarget "ch_08" */;
			buildPhases = (
				C1F4E5372160F2EF00735AD6 /* Sources */,
				C1F4E53E2160F2EF00735AD6 /* Frameworks */,
				C1F4E53F2160F2EF00735AD6 /* CopyFiles */,
			);
			buildRules = (
			);
			dependencies = (
			);
			name = ch_08;
			productName = cpp_study;
			productReference = C1F4E5432160F2EF00735AD6 /* ch_08 */;
			productType = "com.apple.product-type.tool";
		};
/* End PBXNativeTarget section */

/* Begin PBXProject section */
		C176A97C213BF76C00F1BD5B /* Project object */ = {
			isa = PBXProject;
			attributes = {
				LastUpgradeCheck = 0940;
				ORGANIZATIONNAME = taeseongsong;
				TargetAttributes = {
					C176A983213BF76C00F1BD5B = {
						CreatedOnToolsVersion = 9.4.1;
					};
				};
			};
			buildConfigurationList = C176A97F213BF76C00F1BD5B /* Build configuration list for PBXProject "cpp_study" */;
			compatibilityVersion = "Xcode 9.3";
			developmentRegion = en;
			hasScannedForEncodings = 0;
			knownRegions = (
				en,
			);
			mainGroup = C176A97B213BF76C00F1BD5B;
			productRefGroup = C176A985213BF76C00F1BD5B /* Products */;
			projectDirPath = "";
			projectRoot = "";
			targets = (
				C176A983213BF76C00F1BD5B /* cpp_study */,
				C1F4E5362160F2EF00735AD6 /* ch_08 */,
				C16DB2E0217C68F0000E0430 /* ch_10 */,
				C1E0109921858FAD0095567F /* ch_11 */,
				C11DDDDF218F40310042DC80 /* ch_12 */,
				C113815721AA90520034EA02 /* ch_13 */,
				C180309921B43F74008DB38F /* ch_14 */,
				C1CDFFE621BD4CCF0094AB7D /* ch_16 */,
				C1C470BE21E392440086DDD8 /* ch_17 */,
				C1B2823C21EC87010045C266 /* ch_20 */,
			);
		};
/* End PBXProject section */

/* Begin PBXSourcesBuildPhase section */
		C113815821AA90520034EA02 /* Sources */ = {
			isa = PBXSourcesBuildPhase;
			buildActionMask = 2147483647;
			files = (
				C113816D21AADDBD0034EA02 /* GameBoard.cpp in Sources */,
				C113816621AA90B90034EA02 /* ch_13.cpp in Sources */,
				C113816321AA90AB0034EA02 /* main.cpp in Sources */,
				C113816921AAC8D30034EA02 /* FileError.cpp in Sources */,
			);
			runOnlyForDeploymentPostprocessing = 0;
		};
		C11DDDE0218F40310042DC80 /* Sources */ = {
			isa = PBXSourcesBuildPhase;
			buildActionMask = 2147483647;
			files = (
				C11DDDEC218F40850042DC80 /* main.cpp in Sources */,
				C11DDDEF218F40A60042DC80 /* ch_12.cpp in Sources */,
				C15D522A219023F200F5312E /* Muffin.cpp in Sources */,
			);
			runOnlyForDeploymentPostprocessing = 0;
		};
		C16DB2E1217C68F0000E0430 /* Sources */ = {
			isa = PBXSourcesBuildPhase;
			buildActionMask = 2147483647;
			files = (
				C16DB2F6217C9FFD000E0430 /* Spreadsheet.cpp in Sources */,
				C16DB2EE217C6902000E0430 /* main.cpp in Sources */,
				C16DB2ED217C68FA000E0430 /* ch_10.cpp in Sources */,
				C16DB2F5217C9FFD000E0430 /* SpreadsheetCell.cpp in Sources */,
			);
			runOnlyForDeploymentPostprocessing = 0;
		};
		C176A980213BF76C00F1BD5B /* Sources */ = {
			isa = PBXSourcesBuildPhase;
			buildActionMask = 2147483647;
			files = (
				C122F735214E507D002D772C /* SpreadsheetCell.cpp in Sources */,
				C11118DD2145376100FCC9E7 /* ch_02.cpp in Sources */,
				C176A988213BF76C00F1BD5B /* main.cpp in Sources */,
				C16DB2F0217C9EFF000E0430 /* anotherFile.cpp in Sources */,
				C122F738214E56C4002D772C /* ch_07.cpp in Sources */,
				C176A990213C103A00F1BD5B /* ch_01.cpp in Sources */,
			);
			runOnlyForDeploymentPostprocessing = 0;
		};
		C180309A21B43F74008DB38F /* Sources */ = {
			isa = PBXSourcesBuildPhase;
			buildActionMask = 2147483647;
			files = (
				C18030A721B43F97008DB38F /* main.cpp in Sources */,
				C18030AA21B43FE1008DB38F /* ch_14.cpp in Sources */,
			);
			runOnlyForDeploymentPostprocessing = 0;
		};
		C1B2823D21EC87010045C266 /* Sources */ = {
			isa = PBXSourcesBuildPhase;
			buildActionMask = 2147483647;
			files = (
				C1B2824B21EC874C0045C266 /* ch_20.cpp in Sources */,
				C1B2824821EC872E0045C266 /* main.cpp in Sources */,
			);
			runOnlyForDeploymentPostprocessing = 0;
		};
		C1C470BF21E392440086DDD8 /* Sources */ = {
			isa = PBXSourcesBuildPhase;
			buildActionMask = 2147483647;
			files = (
				C1C470CF21E392790086DDD8 /* main.cpp in Sources */,
				C1C470CD21E3926C0086DDD8 /* ch_17.cpp in Sources */,
			);
			runOnlyForDeploymentPostprocessing = 0;
		};
		C1CDFFE721BD4CCF0094AB7D /* Sources */ = {
			isa = PBXSourcesBuildPhase;
			buildActionMask = 2147483647;
			files = (
				C1CDFFF321BD4D260094AB7D /* main.cpp in Sources */,
				C1ACF99521DBBD3600B1595D /* PacketBuffer.cpp in Sources */,
				C1CDFFF621BD4D3F0094AB7D /* ch_16.cpp in Sources */,
				C1ACF99B21DBCC6100B1595D /* MyClass.cpp in Sources */,
				C1ACF99821DBC82A00B1595D /* ErrorCorrelator.cpp in Sources */,
			);
			runOnlyForDeploymentPostprocessing = 0;
		};
		C1E0109A21858FAD0095567F /* Sources */ = {
			isa = PBXSourcesBuildPhase;
			buildActionMask = 2147483647;
			files = (
				C1E010A9218590230095567F /* ch_11.cpp in Sources */,
				C1E010A621858FF50095567F /* main.cpp in Sources */,
				C1E010AD218596BC0095567F /* SpreadsheetCell.cpp in Sources */,
			);
			runOnlyForDeploymentPostprocessing = 0;
		};
		C1F4E5372160F2EF00735AD6 /* Sources */ = {
			isa = PBXSourcesBuildPhase;
			buildActionMask = 2147483647;
			files = (
				C1F4E5382160F2EF00735AD6 /* ch_08.cpp in Sources */,
				C1F4E5472160F35800735AD6 /* main.cpp in Sources */,
				C1F4E54F2160F51600735AD6 /* SpreadsheetCell.cpp in Sources */,
				C1F4E54E2160F51200735AD6 /* Spreadsheet.cpp in Sources */,
				C1F4E55221610E9200735AD6 /* SpreadsheetApplication.cpp in Sources */,
			);
			runOnlyForDeploymentPostprocessing = 0;
		};
/* End PBXSourcesBuildPhase section */

/* Begin XCBuildConfiguration section */
		C113815F21AA90520034EA02 /* Debug */ = {
			isa = XCBuildConfiguration;
			buildSettings = {
				CODE_SIGN_STYLE = Automatic;
				GCC_PRECOMPILE_PREFIX_HEADER = YES;
				GCC_PREFIX_HEADER = cpp_study/cpp_pch.pch;
				PRODUCT_NAME = "$(TARGET_NAME)";
			};
			name = Debug;
		};
		C113816021AA90520034EA02 /* Release */ = {
			isa = XCBuildConfiguration;
			buildSettings = {
				CODE_SIGN_STYLE = Automatic;
				GCC_PRECOMPILE_PREFIX_HEADER = YES;
				GCC_PREFIX_HEADER = cpp_study/cpp_pch.pch;
				PRODUCT_NAME = "$(TARGET_NAME)";
			};
			name = Release;
		};
		C11DDDE7218F40310042DC80 /* Debug */ = {
			isa = XCBuildConfiguration;
			buildSettings = {
				CODE_SIGN_STYLE = Automatic;
				GCC_PRECOMPILE_PREFIX_HEADER = YES;
				GCC_PREFIX_HEADER = cpp_study/cpp_pch.pch;
				PRODUCT_NAME = "$(TARGET_NAME)";
			};
			name = Debug;
		};
		C11DDDE8218F40310042DC80 /* Release */ = {
			isa = XCBuildConfiguration;
			buildSettings = {
				CODE_SIGN_STYLE = Automatic;
				GCC_PRECOMPILE_PREFIX_HEADER = YES;
				GCC_PREFIX_HEADER = cpp_study/cpp_pch.pch;
				PRODUCT_NAME = "$(TARGET_NAME)";
			};
			name = Release;
		};
		C16DB2EA217C68F0000E0430 /* Debug */ = {
			isa = XCBuildConfiguration;
			buildSettings = {
				CODE_SIGN_STYLE = Automatic;
				GCC_PRECOMPILE_PREFIX_HEADER = YES;
				GCC_PREFIX_HEADER = cpp_study/cpp_pch.pch;
				PRODUCT_NAME = "$(TARGET_NAME)";
			};
			name = Debug;
		};
		C16DB2EB217C68F0000E0430 /* Release */ = {
			isa = XCBuildConfiguration;
			buildSettings = {
				CODE_SIGN_STYLE = Automatic;
				GCC_PRECOMPILE_PREFIX_HEADER = YES;
				GCC_PREFIX_HEADER = cpp_study/cpp_pch.pch;
				PRODUCT_NAME = "$(TARGET_NAME)";
			};
			name = Release;
		};
		C176A989213BF76C00F1BD5B /* Debug */ = {
			isa = XCBuildConfiguration;
			buildSettings = {
				ALWAYS_SEARCH_USER_PATHS = NO;
				CLANG_ANALYZER_NONNULL = YES;
				CLANG_ANALYZER_NUMBER_OBJECT_CONVERSION = YES_AGGRESSIVE;
				CLANG_CXX_LANGUAGE_STANDARD = "c++14";
				CLANG_CXX_LIBRARY = "compiler-default";
				CLANG_ENABLE_MODULES = YES;
				CLANG_ENABLE_OBJC_ARC = YES;
				CLANG_ENABLE_OBJC_WEAK = YES;
				CLANG_WARN_BLOCK_CAPTURE_AUTORELEASING = YES;
				CLANG_WARN_BOOL_CONVERSION = YES;
				CLANG_WARN_COMMA = YES;
				CLANG_WARN_CONSTANT_CONVERSION = YES;
				CLANG_WARN_DEPRECATED_OBJC_IMPLEMENTATIONS = YES;
				CLANG_WARN_DIRECT_OBJC_ISA_USAGE = YES_ERROR;
				CLANG_WARN_DOCUMENTATION_COMMENTS = YES;
				CLANG_WARN_EMPTY_BODY = YES;
				CLANG_WARN_ENUM_CONVERSION = YES;
				CLANG_WARN_INFINITE_RECURSION = YES;
				CLANG_WARN_INT_CONVERSION = YES;
				CLANG_WARN_NON_LITERAL_NULL_CONVERSION = YES;
				CLANG_WARN_OBJC_IMPLICIT_RETAIN_SELF = YES;
				CLANG_WARN_OBJC_LITERAL_CONVERSION = YES;
				CLANG_WARN_OBJC_ROOT_CLASS = YES_ERROR;
				CLANG_WARN_RANGE_LOOP_ANALYSIS = YES;
				CLANG_WARN_STRICT_PROTOTYPES = YES;
				CLANG_WARN_SUSPICIOUS_MOVE = YES;
				CLANG_WARN_UNGUARDED_AVAILABILITY = YES_AGGRESSIVE;
				CLANG_WARN_UNREACHABLE_CODE = YES;
				CLANG_WARN__DUPLICATE_METHOD_MATCH = YES;
				CODE_SIGN_IDENTITY = "-";
				COPY_PHASE_STRIP = NO;
				DEBUG_INFORMATION_FORMAT = dwarf;
				ENABLE_STRICT_OBJC_MSGSEND = YES;
				ENABLE_TESTABILITY = YES;
				GCC_C_LANGUAGE_STANDARD = gnu11;
				GCC_DYNAMIC_NO_PIC = NO;
				GCC_NO_COMMON_BLOCKS = YES;
				GCC_OPTIMIZATION_LEVEL = 0;
				GCC_PREPROCESSOR_DEFINITIONS = (
					"DEBUG=1",
					"$(inherited)",
				);
				GCC_WARN_64_TO_32_BIT_CONVERSION = YES;
				GCC_WARN_ABOUT_RETURN_TYPE = YES_ERROR;
				GCC_WARN_UNDECLARED_SELECTOR = YES;
				GCC_WARN_UNINITIALIZED_AUTOS = YES_AGGRESSIVE;
				GCC_WARN_UNUSED_FUNCTION = YES;
				GCC_WARN_UNUSED_VARIABLE = YES;
				MACOSX_DEPLOYMENT_TARGET = 10.13;
				MTL_ENABLE_DEBUG_INFO = YES;
				ONLY_ACTIVE_ARCH = YES;
				SDKROOT = macosx;
			};
			name = Debug;
		};
		C176A98A213BF76C00F1BD5B /* Release */ = {
			isa = XCBuildConfiguration;
			buildSettings = {
				ALWAYS_SEARCH_USER_PATHS = NO;
				CLANG_ANALYZER_NONNULL = YES;
				CLANG_ANALYZER_NUMBER_OBJECT_CONVERSION = YES_AGGRESSIVE;
				CLANG_CXX_LANGUAGE_STANDARD = "c++14";
				CLANG_CXX_LIBRARY = "compiler-default";
				CLANG_ENABLE_MODULES = YES;
				CLANG_ENABLE_OBJC_ARC = YES;
				CLANG_ENABLE_OBJC_WEAK = YES;
				CLANG_WARN_BLOCK_CAPTURE_AUTORELEASING = YES;
				CLANG_WARN_BOOL_CONVERSION = YES;
				CLANG_WARN_COMMA = YES;
				CLANG_WARN_CONSTANT_CONVERSION = YES;
				CLANG_WARN_DEPRECATED_OBJC_IMPLEMENTATIONS = YES;
				CLANG_WARN_DIRECT_OBJC_ISA_USAGE = YES_ERROR;
				CLANG_WARN_DOCUMENTATION_COMMENTS = YES;
				CLANG_WARN_EMPTY_BODY = YES;
				CLANG_WARN_ENUM_CONVERSION = YES;
				CLANG_WARN_INFINITE_RECURSION = YES;
				CLANG_WARN_INT_CONVERSION = YES;
				CLANG_WARN_NON_LITERAL_NULL_CONVERSION = YES;
				CLANG_WARN_OBJC_IMPLICIT_RETAIN_SELF = YES;
				CLANG_WARN_OBJC_LITERAL_CONVERSION = YES;
				CLANG_WARN_OBJC_ROOT_CLASS = YES_ERROR;
				CLANG_WARN_RANGE_LOOP_ANALYSIS = YES;
				CLANG_WARN_STRICT_PROTOTYPES = YES;
				CLANG_WARN_SUSPICIOUS_MOVE = YES;
				CLANG_WARN_UNGUARDED_AVAILABILITY = YES_AGGRESSIVE;
				CLANG_WARN_UNREACHABLE_CODE = YES;
				CLANG_WARN__DUPLICATE_METHOD_MATCH = YES;
				CODE_SIGN_IDENTITY = "-";
				COPY_PHASE_STRIP = NO;
				DEBUG_INFORMATION_FORMAT = "dwarf-with-dsym";
				ENABLE_NS_ASSERTIONS = NO;
				ENABLE_STRICT_OBJC_MSGSEND = YES;
				GCC_C_LANGUAGE_STANDARD = gnu11;
				GCC_NO_COMMON_BLOCKS = YES;
				GCC_WARN_64_TO_32_BIT_CONVERSION = YES;
				GCC_WARN_ABOUT_RETURN_TYPE = YES_ERROR;
				GCC_WARN_UNDECLARED_SELECTOR = YES;
				GCC_WARN_UNINITIALIZED_AUTOS = YES_AGGRESSIVE;
				GCC_WARN_UNUSED_FUNCTION = YES;
				GCC_WARN_UNUSED_VARIABLE = YES;
				MACOSX_DEPLOYMENT_TARGET = 10.13;
				MTL_ENABLE_DEBUG_INFO = NO;
				SDKROOT = macosx;
			};
			name = Release;
		};
		C176A98C213BF76C00F1BD5B /* Debug */ = {
			isa = XCBuildConfiguration;
			buildSettings = {
				CODE_SIGN_STYLE = Automatic;
				GCC_PRECOMPILE_PREFIX_HEADER = YES;
				GCC_PREFIX_HEADER = cpp_study/cpp_pch.pch;
				PRODUCT_NAME = "$(TARGET_NAME)";
			};
			name = Debug;
		};
		C176A98D213BF76C00F1BD5B /* Release */ = {
			isa = XCBuildConfiguration;
			buildSettings = {
				CODE_SIGN_STYLE = Automatic;
				GCC_PRECOMPILE_PREFIX_HEADER = YES;
				GCC_PREFIX_HEADER = cpp_study/cpp_pch.pch;
				PRODUCT_NAME = "$(TARGET_NAME)";
			};
			name = Release;
		};
		C18030A221B43F74008DB38F /* Debug */ = {
			isa = XCBuildConfiguration;
			buildSettings = {
				CODE_SIGN_STYLE = Automatic;
				GCC_PRECOMPILE_PREFIX_HEADER = YES;
				GCC_PREFIX_HEADER = cpp_study/cpp_pch.pch;
				PRODUCT_NAME = "$(TARGET_NAME)";
			};
			name = Debug;
		};
		C18030A321B43F74008DB38F /* Release */ = {
			isa = XCBuildConfiguration;
			buildSettings = {
				CODE_SIGN_STYLE = Automatic;
				GCC_PRECOMPILE_PREFIX_HEADER = YES;
				GCC_PREFIX_HEADER = cpp_study/cpp_pch.pch;
				PRODUCT_NAME = "$(TARGET_NAME)";
			};
			name = Release;
		};
		C1B2824321EC87010045C266 /* Debug */ = {
			isa = XCBuildConfiguration;
			buildSettings = {
				CODE_SIGN_STYLE = Automatic;
				GCC_PRECOMPILE_PREFIX_HEADER = YES;
				GCC_PREFIX_HEADER = cpp_study/cpp_pch.pch;
				PRODUCT_NAME = "$(TARGET_NAME)";
			};
			name = Debug;
		};
		C1B2824421EC87010045C266 /* Release */ = {
			isa = XCBuildConfiguration;
			buildSettings = {
				CODE_SIGN_STYLE = Automatic;
				GCC_PRECOMPILE_PREFIX_HEADER = YES;
				GCC_PREFIX_HEADER = cpp_study/cpp_pch.pch;
				PRODUCT_NAME = "$(TARGET_NAME)";
			};
			name = Release;
		};
		C1C470C821E392440086DDD8 /* Debug */ = {
			isa = XCBuildConfiguration;
			buildSettings = {
				CODE_SIGN_STYLE = Automatic;
				GCC_PRECOMPILE_PREFIX_HEADER = YES;
				GCC_PREFIX_HEADER = cpp_study/cpp_pch.pch;
				PRODUCT_NAME = "$(TARGET_NAME)";
			};
			name = Debug;
		};
		C1C470C921E392440086DDD8 /* Release */ = {
			isa = XCBuildConfiguration;
			buildSettings = {
				CODE_SIGN_STYLE = Automatic;
				GCC_PRECOMPILE_PREFIX_HEADER = YES;
				GCC_PREFIX_HEADER = cpp_study/cpp_pch.pch;
				PRODUCT_NAME = "$(TARGET_NAME)";
			};
			name = Release;
		};
		C1CDFFED21BD4CCF0094AB7D /* Debug */ = {
			isa = XCBuildConfiguration;
			buildSettings = {
				CODE_SIGN_STYLE = Automatic;
				GCC_PRECOMPILE_PREFIX_HEADER = YES;
				GCC_PREFIX_HEADER = cpp_study/cpp_pch.pch;
				PRODUCT_NAME = "$(TARGET_NAME)";
			};
			name = Debug;
		};
		C1CDFFEE21BD4CCF0094AB7D /* Release */ = {
			isa = XCBuildConfiguration;
			buildSettings = {
				CODE_SIGN_STYLE = Automatic;
				GCC_PRECOMPILE_PREFIX_HEADER = YES;
				GCC_PREFIX_HEADER = cpp_study/cpp_pch.pch;
				PRODUCT_NAME = "$(TARGET_NAME)";
			};
			name = Release;
		};
		C1E010A221858FAD0095567F /* Debug */ = {
			isa = XCBuildConfiguration;
			buildSettings = {
				CODE_SIGN_STYLE = Automatic;
				GCC_PRECOMPILE_PREFIX_HEADER = YES;
				GCC_PREFIX_HEADER = cpp_study/cpp_pch.pch;
				PRODUCT_NAME = "$(TARGET_NAME)";
			};
			name = Debug;
		};
		C1E010A321858FAD0095567F /* Release */ = {
			isa = XCBuildConfiguration;
			buildSettings = {
				CODE_SIGN_STYLE = Automatic;
				GCC_PRECOMPILE_PREFIX_HEADER = YES;
				GCC_PREFIX_HEADER = cpp_study/cpp_pch.pch;
				PRODUCT_NAME = "$(TARGET_NAME)";
			};
			name = Release;
		};
		C1F4E5412160F2EF00735AD6 /* Debug */ = {
			isa = XCBuildConfiguration;
			buildSettings = {
				CODE_SIGN_STYLE = Automatic;
				GCC_PRECOMPILE_PREFIX_HEADER = YES;
				GCC_PREFIX_HEADER = cpp_study/cpp_pch.pch;
				PRODUCT_NAME = "$(TARGET_NAME)";
			};
			name = Debug;
		};
		C1F4E5422160F2EF00735AD6 /* Release */ = {
			isa = XCBuildConfiguration;
			buildSettings = {
				CODE_SIGN_STYLE = Automatic;
				GCC_PRECOMPILE_PREFIX_HEADER = YES;
				GCC_PREFIX_HEADER = cpp_study/cpp_pch.pch;
				PRODUCT_NAME = "$(TARGET_NAME)";
			};
			name = Release;
		};
/* End XCBuildConfiguration section */

/* Begin XCConfigurationList section */
		C113815E21AA90520034EA02 /* Build configuration list for PBXNativeTarget "ch_13" */ = {
			isa = XCConfigurationList;
			buildConfigurations = (
				C113815F21AA90520034EA02 /* Debug */,
				C113816021AA90520034EA02 /* Release */,
			);
			defaultConfigurationIsVisible = 0;
			defaultConfigurationName = Release;
		};
		C11DDDE6218F40310042DC80 /* Build configuration list for PBXNativeTarget "ch_12" */ = {
			isa = XCConfigurationList;
			buildConfigurations = (
				C11DDDE7218F40310042DC80 /* Debug */,
				C11DDDE8218F40310042DC80 /* Release */,
			);
			defaultConfigurationIsVisible = 0;
			defaultConfigurationName = Release;
		};
		C16DB2E9217C68F0000E0430 /* Build configuration list for PBXNativeTarget "ch_10" */ = {
			isa = XCConfigurationList;
			buildConfigurations = (
				C16DB2EA217C68F0000E0430 /* Debug */,
				C16DB2EB217C68F0000E0430 /* Release */,
			);
			defaultConfigurationIsVisible = 0;
			defaultConfigurationName = Release;
		};
		C176A97F213BF76C00F1BD5B /* Build configuration list for PBXProject "cpp_study" */ = {
			isa = XCConfigurationList;
			buildConfigurations = (
				C176A989213BF76C00F1BD5B /* Debug */,
				C176A98A213BF76C00F1BD5B /* Release */,
			);
			defaultConfigurationIsVisible = 0;
			defaultConfigurationName = Release;
		};
		C176A98B213BF76C00F1BD5B /* Build configuration list for PBXNativeTarget "cpp_study" */ = {
			isa = XCConfigurationList;
			buildConfigurations = (
				C176A98C213BF76C00F1BD5B /* Debug */,
				C176A98D213BF76C00F1BD5B /* Release */,
			);
			defaultConfigurationIsVisible = 0;
			defaultConfigurationName = Release;
		};
		C18030A121B43F74008DB38F /* Build configuration list for PBXNativeTarget "ch_14" */ = {
			isa = XCConfigurationList;
			buildConfigurations = (
				C18030A221B43F74008DB38F /* Debug */,
				C18030A321B43F74008DB38F /* Release */,
			);
			defaultConfigurationIsVisible = 0;
			defaultConfigurationName = Release;
		};
		C1B2824221EC87010045C266 /* Build configuration list for PBXNativeTarget "ch_20" */ = {
			isa = XCConfigurationList;
			buildConfigurations = (
				C1B2824321EC87010045C266 /* Debug */,
				C1B2824421EC87010045C266 /* Release */,
			);
			defaultConfigurationIsVisible = 0;
			defaultConfigurationName = Release;
		};
		C1C470C721E392440086DDD8 /* Build configuration list for PBXNativeTarget "ch_17" */ = {
			isa = XCConfigurationList;
			buildConfigurations = (
				C1C470C821E392440086DDD8 /* Debug */,
				C1C470C921E392440086DDD8 /* Release */,
			);
			defaultConfigurationIsVisible = 0;
			defaultConfigurationName = Release;
		};
		C1CDFFEC21BD4CCF0094AB7D /* Build configuration list for PBXNativeTarget "ch_16" */ = {
			isa = XCConfigurationList;
			buildConfigurations = (
				C1CDFFED21BD4CCF0094AB7D /* Debug */,
				C1CDFFEE21BD4CCF0094AB7D /* Release */,
			);
			defaultConfigurationIsVisible = 0;
			defaultConfigurationName = Release;
		};
		C1E010A121858FAD0095567F /* Build configuration list for PBXNativeTarget "ch_11" */ = {
			isa = XCConfigurationList;
			buildConfigurations = (
				C1E010A221858FAD0095567F /* Debug */,
				C1E010A321858FAD0095567F /* Release */,
			);
			defaultConfigurationIsVisible = 0;
			defaultConfigurationName = Release;
		};
		C1F4E5402160F2EF00735AD6 /* Build configuration list for PBXNativeTarget "ch_08" */ = {
			isa = XCConfigurationList;
			buildConfigurations = (
				C1F4E5412160F2EF00735AD6 /* Debug */,
				C1F4E5422160F2EF00735AD6 /* Release */,
			);
			defaultConfigurationIsVisible = 0;
			defaultConfigurationName = Release;
		};
/* End XCConfigurationList section */
	};
	rootObject = C176A97C213BF76C00F1BD5B /* Project object */;
}
