// !$*UTF8*$!
{
	archiveVersion = 1;
	classes = {
	};
	objectVersion = 50;
	objects = {

/* Begin PBXBuildFile section */
		C11118DD2145376100FCC9E7 /* ch_02.cpp in Sources */ = {isa = PBXBuildFile; fileRef = C11118DB2145376100FCC9E7 /* ch_02.cpp */; };
		C122F735214E507D002D772C /* SpreadsheetCell.cpp in Sources */ = {isa = PBXBuildFile; fileRef = C122F733214E507D002D772C /* SpreadsheetCell.cpp */; };
		C122F738214E56C4002D772C /* ch_07.cpp in Sources */ = {isa = PBXBuildFile; fileRef = C122F736214E56C4002D772C /* ch_07.cpp */; };
		C176A988213BF76C00F1BD5B /* main.cpp in Sources */ = {isa = PBXBuildFile; fileRef = C176A987213BF76C00F1BD5B /* main.cpp */; };
		C176A990213C103A00F1BD5B /* ch_01.cpp in Sources */ = {isa = PBXBuildFile; fileRef = C176A98E213C103A00F1BD5B /* ch_01.cpp */; };
		C1F4E5382160F2EF00735AD6 /* ch_08.cpp in Sources */ = {isa = PBXBuildFile; fileRef = C1F4E5332160F1F700735AD6 /* ch_08.cpp */; };
		C1F4E5472160F35800735AD6 /* main.cpp in Sources */ = {isa = PBXBuildFile; fileRef = C1F4E5452160F35500735AD6 /* main.cpp */; };
		C1F4E54E2160F51200735AD6 /* Spreadsheet.cpp in Sources */ = {isa = PBXBuildFile; fileRef = C1F4E54B2160F3CE00735AD6 /* Spreadsheet.cpp */; };
		C1F4E54F2160F51600735AD6 /* SpreadsheetCell.cpp in Sources */ = {isa = PBXBuildFile; fileRef = C1F4E5482160F3C000735AD6 /* SpreadsheetCell.cpp */; };
		C1F4E55221610E9200735AD6 /* SpreadsheetApplication.cpp in Sources */ = {isa = PBXBuildFile; fileRef = C1F4E55021610E9200735AD6 /* SpreadsheetApplication.cpp */; };
/* End PBXBuildFile section */

/* Begin PBXCopyFilesBuildPhase section */
		C176A982213BF76C00F1BD5B /* CopyFiles */ = {
			isa = PBXCopyFilesBuildPhase;
			buildActionMask = 2147483647;
			dstPath = /usr/share/man/man1/;
			dstSubfolderSpec = 0;
			files = (
			);
			runOnlyForDeploymentPostprocessing = 1;
		};
		C1F4E53F2160F2EF00735AD6 /* CopyFiles */ = {
			isa = PBXCopyFilesBuildPhase;
			buildActionMask = 2147483647;
			dstPath = /usr/share/man/man1/;
			dstSubfolderSpec = 0;
			files = (
			);
			runOnlyForDeploymentPostprocessing = 1;
		};
/* End PBXCopyFilesBuildPhase section */

/* Begin PBXFileReference section */
		C11118DB2145376100FCC9E7 /* ch_02.cpp */ = {isa = PBXFileReference; lastKnownFileType = sourcecode.cpp.cpp; path = ch_02.cpp; sourceTree = "<group>"; };
		C11118DC2145376100FCC9E7 /* ch_02.hpp */ = {isa = PBXFileReference; lastKnownFileType = sourcecode.cpp.h; path = ch_02.hpp; sourceTree = "<group>"; };
		C122F733214E507D002D772C /* SpreadsheetCell.cpp */ = {isa = PBXFileReference; lastKnownFileType = sourcecode.cpp.cpp; path = SpreadsheetCell.cpp; sourceTree = "<group>"; };
		C122F734214E507D002D772C /* SpreadsheetCell.hpp */ = {isa = PBXFileReference; lastKnownFileType = sourcecode.cpp.h; path = SpreadsheetCell.hpp; sourceTree = "<group>"; };
		C122F736214E56C4002D772C /* ch_07.cpp */ = {isa = PBXFileReference; lastKnownFileType = sourcecode.cpp.cpp; path = ch_07.cpp; sourceTree = "<group>"; };
		C122F737214E56C4002D772C /* ch_07.hpp */ = {isa = PBXFileReference; lastKnownFileType = sourcecode.cpp.h; path = ch_07.hpp; sourceTree = "<group>"; };
		C176A984213BF76C00F1BD5B /* cpp_study */ = {isa = PBXFileReference; explicitFileType = "compiled.mach-o.executable"; includeInIndex = 0; path = cpp_study; sourceTree = BUILT_PRODUCTS_DIR; };
		C176A987213BF76C00F1BD5B /* main.cpp */ = {isa = PBXFileReference; lastKnownFileType = sourcecode.cpp.cpp; path = main.cpp; sourceTree = "<group>"; };
		C176A98E213C103A00F1BD5B /* ch_01.cpp */ = {isa = PBXFileReference; lastKnownFileType = sourcecode.cpp.cpp; path = ch_01.cpp; sourceTree = "<group>"; };
		C176A98F213C103A00F1BD5B /* ch_01.hpp */ = {isa = PBXFileReference; lastKnownFileType = sourcecode.cpp.h; path = ch_01.hpp; sourceTree = "<group>"; };
		C176A991213C10CE00F1BD5B /* cpp_pch.pch */ = {isa = PBXFileReference; lastKnownFileType = sourcecode.c.h; path = cpp_pch.pch; sourceTree = "<group>"; };
		C1F4E5332160F1F700735AD6 /* ch_08.cpp */ = {isa = PBXFileReference; lastKnownFileType = sourcecode.cpp.cpp; path = ch_08.cpp; sourceTree = "<group>"; };
		C1F4E5342160F1F700735AD6 /* ch_08.hpp */ = {isa = PBXFileReference; lastKnownFileType = sourcecode.cpp.h; path = ch_08.hpp; sourceTree = "<group>"; };
		C1F4E5432160F2EF00735AD6 /* ch_08 */ = {isa = PBXFileReference; explicitFileType = "compiled.mach-o.executable"; includeInIndex = 0; path = ch_08; sourceTree = BUILT_PRODUCTS_DIR; };
		C1F4E5452160F35500735AD6 /* main.cpp */ = {isa = PBXFileReference; lastKnownFileType = sourcecode.cpp.cpp; path = main.cpp; sourceTree = "<group>"; };
		C1F4E5482160F3C000735AD6 /* SpreadsheetCell.cpp */ = {isa = PBXFileReference; lastKnownFileType = sourcecode.cpp.cpp; path = SpreadsheetCell.cpp; sourceTree = "<group>"; };
		C1F4E5492160F3C000735AD6 /* SpreadsheetCell.hpp */ = {isa = PBXFileReference; lastKnownFileType = sourcecode.cpp.h; path = SpreadsheetCell.hpp; sourceTree = "<group>"; };
		C1F4E54B2160F3CE00735AD6 /* Spreadsheet.cpp */ = {isa = PBXFileReference; lastKnownFileType = sourcecode.cpp.cpp; path = Spreadsheet.cpp; sourceTree = "<group>"; };
		C1F4E54C2160F3CE00735AD6 /* Spreadsheet.hpp */ = {isa = PBXFileReference; lastKnownFileType = sourcecode.cpp.h; path = Spreadsheet.hpp; sourceTree = "<group>"; };
		C1F4E55021610E9200735AD6 /* SpreadsheetApplication.cpp */ = {isa = PBXFileReference; lastKnownFileType = sourcecode.cpp.cpp; path = SpreadsheetApplication.cpp; sourceTree = "<group>"; };
		C1F4E55121610E9200735AD6 /* SpreadsheetApplication.hpp */ = {isa = PBXFileReference; lastKnownFileType = sourcecode.cpp.h; path = SpreadsheetApplication.hpp; sourceTree = "<group>"; };
/* End PBXFileReference section */

/* Begin PBXFrameworksBuildPhase section */
		C176A981213BF76C00F1BD5B /* Frameworks */ = {
			isa = PBXFrameworksBuildPhase;
			buildActionMask = 2147483647;
			files = (
			);
			runOnlyForDeploymentPostprocessing = 0;
		};
		C1F4E53E2160F2EF00735AD6 /* Frameworks */ = {
			isa = PBXFrameworksBuildPhase;
			buildActionMask = 2147483647;
			files = (
			);
			runOnlyForDeploymentPostprocessing = 0;
		};
/* End PBXFrameworksBuildPhase section */

/* Begin PBXGroup section */
		C11118DA2145374100FCC9E7 /* chapter */ = {
			isa = PBXGroup;
			children = (
				C176A98E213C103A00F1BD5B /* ch_01.cpp */,
				C176A98F213C103A00F1BD5B /* ch_01.hpp */,
				C11118DB2145376100FCC9E7 /* ch_02.cpp */,
				C11118DC2145376100FCC9E7 /* ch_02.hpp */,
				C122F736214E56C4002D772C /* ch_07.cpp */,
				C122F737214E56C4002D772C /* ch_07.hpp */,
				C122F732214E504B002D772C /* ch_07 */,
				C1F4E5442160F33100735AD6 /* ch_08 */,
			);
			path = chapter;
			sourceTree = "<group>";
		};
		C122F732214E504B002D772C /* ch_07 */ = {
			isa = PBXGroup;
			children = (
				C122F733214E507D002D772C /* SpreadsheetCell.cpp */,
				C122F734214E507D002D772C /* SpreadsheetCell.hpp */,
			);
			path = ch_07;
			sourceTree = "<group>";
		};
		C176A97B213BF76C00F1BD5B = {
			isa = PBXGroup;
			children = (
				C176A986213BF76C00F1BD5B /* cpp_study */,
				C176A985213BF76C00F1BD5B /* Products */,
			);
			sourceTree = "<group>";
		};
		C176A985213BF76C00F1BD5B /* Products */ = {
			isa = PBXGroup;
			children = (
				C176A984213BF76C00F1BD5B /* cpp_study */,
				C1F4E5432160F2EF00735AD6 /* ch_08 */,
			);
			name = Products;
			sourceTree = "<group>";
		};
		C176A986213BF76C00F1BD5B /* cpp_study */ = {
			isa = PBXGroup;
			children = (
				C176A987213BF76C00F1BD5B /* main.cpp */,
				C176A991213C10CE00F1BD5B /* cpp_pch.pch */,
				C11118DA2145374100FCC9E7 /* chapter */,
			);
			path = cpp_study;
			sourceTree = "<group>";
		};
		C1F4E5442160F33100735AD6 /* ch_08 */ = {
			isa = PBXGroup;
			children = (
				C1F4E5452160F35500735AD6 /* main.cpp */,
				C1F4E5332160F1F700735AD6 /* ch_08.cpp */,
				C1F4E5342160F1F700735AD6 /* ch_08.hpp */,
				C1F4E5482160F3C000735AD6 /* SpreadsheetCell.cpp */,
				C1F4E5492160F3C000735AD6 /* SpreadsheetCell.hpp */,
				C1F4E54B2160F3CE00735AD6 /* Spreadsheet.cpp */,
				C1F4E54C2160F3CE00735AD6 /* Spreadsheet.hpp */,
				C1F4E55021610E9200735AD6 /* SpreadsheetApplication.cpp */,
				C1F4E55121610E9200735AD6 /* SpreadsheetApplication.hpp */,
			);
			path = ch_08;
			sourceTree = "<group>";
		};
/* End PBXGroup section */

/* Begin PBXNativeTarget section */
		C176A983213BF76C00F1BD5B /* cpp_study */ = {
			isa = PBXNativeTarget;
			buildConfigurationList = C176A98B213BF76C00F1BD5B /* Build configuration list for PBXNativeTarget "cpp_study" */;
			buildPhases = (
				C176A980213BF76C00F1BD5B /* Sources */,
				C176A981213BF76C00F1BD5B /* Frameworks */,
				C176A982213BF76C00F1BD5B /* CopyFiles */,
			);
			buildRules = (
			);
			dependencies = (
			);
			name = cpp_study;
			productName = cpp_study;
			productReference = C176A984213BF76C00F1BD5B /* cpp_study */;
			productType = "com.apple.product-type.tool";
		};
		C1F4E5362160F2EF00735AD6 /* ch_08 */ = {
			isa = PBXNativeTarget;
			buildConfigurationList = C1F4E5402160F2EF00735AD6 /* Build configuration list for PBXNativeTarget "ch_08" */;
			buildPhases = (
				C1F4E5372160F2EF00735AD6 /* Sources */,
				C1F4E53E2160F2EF00735AD6 /* Frameworks */,
				C1F4E53F2160F2EF00735AD6 /* CopyFiles */,
			);
			buildRules = (
			);
			dependencies = (
			);
			name = ch_08;
			productName = cpp_study;
			productReference = C1F4E5432160F2EF00735AD6 /* ch_08 */;
			productType = "com.apple.product-type.tool";
		};
/* End PBXNativeTarget section */

/* Begin PBXProject section */
		C176A97C213BF76C00F1BD5B /* Project object */ = {
			isa = PBXProject;
			attributes = {
				LastUpgradeCheck = 0940;
				ORGANIZATIONNAME = taeseongsong;
				TargetAttributes = {
					C176A983213BF76C00F1BD5B = {
						CreatedOnToolsVersion = 9.4.1;
					};
				};
			};
			buildConfigurationList = C176A97F213BF76C00F1BD5B /* Build configuration list for PBXProject "cpp_study" */;
			compatibilityVersion = "Xcode 9.3";
			developmentRegion = en;
			hasScannedForEncodings = 0;
			knownRegions = (
				en,
			);
			mainGroup = C176A97B213BF76C00F1BD5B;
			productRefGroup = C176A985213BF76C00F1BD5B /* Products */;
			projectDirPath = "";
			projectRoot = "";
			targets = (
				C176A983213BF76C00F1BD5B /* cpp_study */,
				C1F4E5362160F2EF00735AD6 /* ch_08 */,
			);
		};
/* End PBXProject section */

/* Begin PBXSourcesBuildPhase section */
		C176A980213BF76C00F1BD5B /* Sources */ = {
			isa = PBXSourcesBuildPhase;
			buildActionMask = 2147483647;
			files = (
				C122F735214E507D002D772C /* SpreadsheetCell.cpp in Sources */,
				C11118DD2145376100FCC9E7 /* ch_02.cpp in Sources */,
				C176A988213BF76C00F1BD5B /* main.cpp in Sources */,
				C122F738214E56C4002D772C /* ch_07.cpp in Sources */,
				C176A990213C103A00F1BD5B /* ch_01.cpp in Sources */,
			);
			runOnlyForDeploymentPostprocessing = 0;
		};
		C1F4E5372160F2EF00735AD6 /* Sources */ = {
			isa = PBXSourcesBuildPhase;
			buildActionMask = 2147483647;
			files = (
				C1F4E5382160F2EF00735AD6 /* ch_08.cpp in Sources */,
				C1F4E5472160F35800735AD6 /* main.cpp in Sources */,
				C1F4E54F2160F51600735AD6 /* SpreadsheetCell.cpp in Sources */,
				C1F4E54E2160F51200735AD6 /* Spreadsheet.cpp in Sources */,
				C1F4E55221610E9200735AD6 /* SpreadsheetApplication.cpp in Sources */,
			);
			runOnlyForDeploymentPostprocessing = 0;
		};
/* End PBXSourcesBuildPhase section */

/* Begin XCBuildConfiguration section */
		C176A989213BF76C00F1BD5B /* Debug */ = {
			isa = XCBuildConfiguration;
			buildSettings = {
				ALWAYS_SEARCH_USER_PATHS = NO;
				CLANG_ANALYZER_NONNULL = YES;
				CLANG_ANALYZER_NUMBER_OBJECT_CONVERSION = YES_AGGRESSIVE;
				CLANG_CXX_LANGUAGE_STANDARD = "c++14";
				CLANG_CXX_LIBRARY = "compiler-default";
				CLANG_ENABLE_MODULES = YES;
				CLANG_ENABLE_OBJC_ARC = YES;
				CLANG_ENABLE_OBJC_WEAK = YES;
				CLANG_WARN_BLOCK_CAPTURE_AUTORELEASING = YES;
				CLANG_WARN_BOOL_CONVERSION = YES;
				CLANG_WARN_COMMA = YES;
				CLANG_WARN_CONSTANT_CONVERSION = YES;
				CLANG_WARN_DEPRECATED_OBJC_IMPLEMENTATIONS = YES;
				CLANG_WARN_DIRECT_OBJC_ISA_USAGE = YES_ERROR;
				CLANG_WARN_DOCUMENTATION_COMMENTS = YES;
				CLANG_WARN_EMPTY_BODY = YES;
				CLANG_WARN_ENUM_CONVERSION = YES;
				CLANG_WARN_INFINITE_RECURSION = YES;
				CLANG_WARN_INT_CONVERSION = YES;
				CLANG_WARN_NON_LITERAL_NULL_CONVERSION = YES;
				CLANG_WARN_OBJC_IMPLICIT_RETAIN_SELF = YES;
				CLANG_WARN_OBJC_LITERAL_CONVERSION = YES;
				CLANG_WARN_OBJC_ROOT_CLASS = YES_ERROR;
				CLANG_WARN_RANGE_LOOP_ANALYSIS = YES;
				CLANG_WARN_STRICT_PROTOTYPES = YES;
				CLANG_WARN_SUSPICIOUS_MOVE = YES;
				CLANG_WARN_UNGUARDED_AVAILABILITY = YES_AGGRESSIVE;
				CLANG_WARN_UNREACHABLE_CODE = YES;
				CLANG_WARN__DUPLICATE_METHOD_MATCH = YES;
				CODE_SIGN_IDENTITY = "-";
				COPY_PHASE_STRIP = NO;
				DEBUG_INFORMATION_FORMAT = dwarf;
				ENABLE_STRICT_OBJC_MSGSEND = YES;
				ENABLE_TESTABILITY = YES;
				GCC_C_LANGUAGE_STANDARD = gnu11;
				GCC_DYNAMIC_NO_PIC = NO;
				GCC_NO_COMMON_BLOCKS = YES;
				GCC_OPTIMIZATION_LEVEL = 0;
				GCC_PREPROCESSOR_DEFINITIONS = (
					"DEBUG=1",
					"$(inherited)",
				);
				GCC_WARN_64_TO_32_BIT_CONVERSION = YES;
				GCC_WARN_ABOUT_RETURN_TYPE = YES_ERROR;
				GCC_WARN_UNDECLARED_SELECTOR = YES;
				GCC_WARN_UNINITIALIZED_AUTOS = YES_AGGRESSIVE;
				GCC_WARN_UNUSED_FUNCTION = YES;
				GCC_WARN_UNUSED_VARIABLE = YES;
				MACOSX_DEPLOYMENT_TARGET = 10.13;
				MTL_ENABLE_DEBUG_INFO = YES;
				ONLY_ACTIVE_ARCH = YES;
				SDKROOT = macosx;
			};
			name = Debug;
		};
		C176A98A213BF76C00F1BD5B /* Release */ = {
			isa = XCBuildConfiguration;
			buildSettings = {
				ALWAYS_SEARCH_USER_PATHS = NO;
				CLANG_ANALYZER_NONNULL = YES;
				CLANG_ANALYZER_NUMBER_OBJECT_CONVERSION = YES_AGGRESSIVE;
				CLANG_CXX_LANGUAGE_STANDARD = "c++14";
				CLANG_CXX_LIBRARY = "compiler-default";
				CLANG_ENABLE_MODULES = YES;
				CLANG_ENABLE_OBJC_ARC = YES;
				CLANG_ENABLE_OBJC_WEAK = YES;
				CLANG_WARN_BLOCK_CAPTURE_AUTORELEASING = YES;
				CLANG_WARN_BOOL_CONVERSION = YES;
				CLANG_WARN_COMMA = YES;
				CLANG_WARN_CONSTANT_CONVERSION = YES;
				CLANG_WARN_DEPRECATED_OBJC_IMPLEMENTATIONS = YES;
				CLANG_WARN_DIRECT_OBJC_ISA_USAGE = YES_ERROR;
				CLANG_WARN_DOCUMENTATION_COMMENTS = YES;
				CLANG_WARN_EMPTY_BODY = YES;
				CLANG_WARN_ENUM_CONVERSION = YES;
				CLANG_WARN_INFINITE_RECURSION = YES;
				CLANG_WARN_INT_CONVERSION = YES;
				CLANG_WARN_NON_LITERAL_NULL_CONVERSION = YES;
				CLANG_WARN_OBJC_IMPLICIT_RETAIN_SELF = YES;
				CLANG_WARN_OBJC_LITERAL_CONVERSION = YES;
				CLANG_WARN_OBJC_ROOT_CLASS = YES_ERROR;
				CLANG_WARN_RANGE_LOOP_ANALYSIS = YES;
				CLANG_WARN_STRICT_PROTOTYPES = YES;
				CLANG_WARN_SUSPICIOUS_MOVE = YES;
				CLANG_WARN_UNGUARDED_AVAILABILITY = YES_AGGRESSIVE;
				CLANG_WARN_UNREACHABLE_CODE = YES;
				CLANG_WARN__DUPLICATE_METHOD_MATCH = YES;
				CODE_SIGN_IDENTITY = "-";
				COPY_PHASE_STRIP = NO;
				DEBUG_INFORMATION_FORMAT = "dwarf-with-dsym";
				ENABLE_NS_ASSERTIONS = NO;
				ENABLE_STRICT_OBJC_MSGSEND = YES;
				GCC_C_LANGUAGE_STANDARD = gnu11;
				GCC_NO_COMMON_BLOCKS = YES;
				GCC_WARN_64_TO_32_BIT_CONVERSION = YES;
				GCC_WARN_ABOUT_RETURN_TYPE = YES_ERROR;
				GCC_WARN_UNDECLARED_SELECTOR = YES;
				GCC_WARN_UNINITIALIZED_AUTOS = YES_AGGRESSIVE;
				GCC_WARN_UNUSED_FUNCTION = YES;
				GCC_WARN_UNUSED_VARIABLE = YES;
				MACOSX_DEPLOYMENT_TARGET = 10.13;
				MTL_ENABLE_DEBUG_INFO = NO;
				SDKROOT = macosx;
			};
			name = Release;
		};
		C176A98C213BF76C00F1BD5B /* Debug */ = {
			isa = XCBuildConfiguration;
			buildSettings = {
				CODE_SIGN_STYLE = Automatic;
				GCC_PRECOMPILE_PREFIX_HEADER = YES;
				GCC_PREFIX_HEADER = cpp_study/cpp_pch.pch;
				PRODUCT_NAME = "$(TARGET_NAME)";
			};
			name = Debug;
		};
		C176A98D213BF76C00F1BD5B /* Release */ = {
			isa = XCBuildConfiguration;
			buildSettings = {
				CODE_SIGN_STYLE = Automatic;
				GCC_PRECOMPILE_PREFIX_HEADER = YES;
				GCC_PREFIX_HEADER = cpp_study/cpp_pch.pch;
				PRODUCT_NAME = "$(TARGET_NAME)";
			};
			name = Release;
		};
		C1F4E5412160F2EF00735AD6 /* Debug */ = {
			isa = XCBuildConfiguration;
			buildSettings = {
				CODE_SIGN_STYLE = Automatic;
				GCC_PRECOMPILE_PREFIX_HEADER = YES;
				GCC_PREFIX_HEADER = cpp_study/cpp_pch.pch;
				PRODUCT_NAME = "$(TARGET_NAME)";
			};
			name = Debug;
		};
		C1F4E5422160F2EF00735AD6 /* Release */ = {
			isa = XCBuildConfiguration;
			buildSettings = {
				CODE_SIGN_STYLE = Automatic;
				GCC_PRECOMPILE_PREFIX_HEADER = YES;
				GCC_PREFIX_HEADER = cpp_study/cpp_pch.pch;
				PRODUCT_NAME = "$(TARGET_NAME)";
			};
			name = Release;
		};
/* End XCBuildConfiguration section */

/* Begin XCConfigurationList section */
		C176A97F213BF76C00F1BD5B /* Build configuration list for PBXProject "cpp_study" */ = {
			isa = XCConfigurationList;
			buildConfigurations = (
				C176A989213BF76C00F1BD5B /* Debug */,
				C176A98A213BF76C00F1BD5B /* Release */,
			);
			defaultConfigurationIsVisible = 0;
			defaultConfigurationName = Release;
		};
		C176A98B213BF76C00F1BD5B /* Build configuration list for PBXNativeTarget "cpp_study" */ = {
			isa = XCConfigurationList;
			buildConfigurations = (
				C176A98C213BF76C00F1BD5B /* Debug */,
				C176A98D213BF76C00F1BD5B /* Release */,
			);
			defaultConfigurationIsVisible = 0;
			defaultConfigurationName = Release;
		};
		C1F4E5402160F2EF00735AD6 /* Build configuration list for PBXNativeTarget "ch_08" */ = {
			isa = XCConfigurationList;
			buildConfigurations = (
				C1F4E5412160F2EF00735AD6 /* Debug */,
				C1F4E5422160F2EF00735AD6 /* Release */,
			);
			defaultConfigurationIsVisible = 0;
			defaultConfigurationName = Release;
		};
/* End XCConfigurationList section */
	};
	rootObject = C176A97C213BF76C00F1BD5B /* Project object */;
}
